
Microsoft Visual Studio Solution File, Format Version 12.00
# Visual Studio Version 17
VisualStudioVersion = 17.3.32825.248
MinimumVisualStudioVersion = 10.0.40219.1
Project("{FAE04EC0-301F-11D3-BF4B-00C04F79EFBC}") = "ATMLib", "ATMLib\ATMLib.csproj", "{038EF0FA-5094-4974-967A-6E2BA53862FD}"
EndProject
Project("{FAE04EC0-301F-11D3-BF4B-00C04F79EFBC}") = "ATMConsole", "ATMConsole\ATMConsole.csproj", "{CDD4B753-038C-4914-89B5-DA92D8B784CF}"
EndProject
Global
	GlobalSection(SolutionConfigurationPlatforms) = preSolution
		Debug|Any CPU = Debug|Any CPU
		Release|Any CPU = Release|Any CPU
	EndGlobalSection
	GlobalSection(ProjectConfigurationPlatforms) = postSolution
		{038EF0FA-5094-4974-967A-6E2BA53862FD}.Debug|Any CPU.ActiveCfg = Debug|Any CPU
		{038EF0FA-5094-4974-967A-6E2BA53862FD}.Debug|Any CPU.Build.0 = Debug|Any CPU
		{038EF0FA-5094-4974-967A-6E2BA53862FD}.Release|Any CPU.ActiveCfg = Release|Any CPU
		{038EF0FA-5094-4974-967A-6E2BA53862FD}.Release|Any CPU.Build.0 = Release|Any CPU
		{CDD4B753-038C-4914-89B5-DA92D8B784CF}.Debug|Any CPU.ActiveCfg = Debug|Any CPU
		{CDD4B753-038C-4914-89B5-DA92D8B784CF}.Debug|Any CPU.Build.0 = Debug|Any CPU
		{CDD4B753-038C-4914-89B5-DA92D8B784CF}.Release|Any CPU.ActiveCfg = Release|Any CPU
		{CDD4B753-038C-4914-89B5-DA92D8B784CF}.Release|Any CPU.Build.0 = Release|Any CPU
	EndGlobalSection
	GlobalSection(SolutionProperties) = preSolution
		HideSolutionNode = FALSE
	EndGlobalSection
	GlobalSection(ExtensibilityGlobals) = postSolution
		SolutionGuid = {7982C478-0A5F-4031-AAFA-DD1334A8427E}
	EndGlobalSection
EndGlobal
